{
  "name": "Proton_project",
  "lockfileVersion": 2,
  "requires": true,
  "packages": {
    "": {
      "dependencies": {
        "img-previewer": "^2.1.7"
      },
      "devDependencies": {
        "@types/photoswipe": "^4.1.2"
      }
    },
    "node_modules/@types/photoswipe": {
      "version": "4.1.2",
      "resolved": "https://registry.npmjs.org/@types/photoswipe/-/photoswipe-4.1.2.tgz",
      "integrity": "sha512-HA9TtCAQKToldgxRiyJ1DbsElg/cQV/SQ8COVjqIqghjy60Zxfh78E1WiFotthquqkS86nz13Za9wEbToe0svQ==",
      "dev": true
    },
    "node_modules/img-previewer": {
      "version": "2.1.7",
      "resolved": "https://registry.npmjs.org/img-previewer/-/img-previewer-2.1.7.tgz",
      "integrity": "sha512-4vdBb8he4VfrQugUTPqISHpnc+FfJT01+VerTSrgVVE4L3uzfZjIRc0GiIPiu5phxt7+Xao5JQIlKwMZCsHuGw=="
    }
  },
  "dependencies": {
    "@types/photoswipe": {
      "version": "4.1.2",
      "resolved": "https://registry.npmjs.org/@types/photoswipe/-/photoswipe-4.1.2.tgz",
      "integrity": "sha512-HA9TtCAQKToldgxRiyJ1DbsElg/cQV/SQ8COVjqIqghjy60Zxfh78E1WiFotthquqkS86nz13Za9wEbToe0svQ==",
      "dev": true
    },
    "img-previewer": {
      "version": "2.1.7",
      "resolved": "https://registry.npmjs.org/img-previewer/-/img-previewer-2.1.7.tgz",
      "integrity": "sha512-4vdBb8he4VfrQugUTPqISHpnc+FfJT01+VerTSrgVVE4L3uzfZjIRc0GiIPiu5phxt7+Xao5JQIlKwMZCsHuGw=="
    }
  }
}
